// !$*UTF8*$!
{
	archiveVersion = 1;
	classes = {
	};
	objectVersion = 56;
	objects = {

/* Begin PBXBuildFile section */
		281A7B2D2927A9F00006F166 /* FavoriteButton.swift in Sources */ = {isa = PBXBuildFile; fileRef = 281A7B2C2927A9F00006F166 /* FavoriteButton.swift */; };
		281A7B312927BAEF0006F166 /* HexagonParameters.swift in Sources */ = {isa = PBXBuildFile; fileRef = 281A7B302927BAEF0006F166 /* HexagonParameters.swift */; };
		281A7B342927BBCD0006F166 /* BadgeBackground.swift in Sources */ = {isa = PBXBuildFile; fileRef = 281A7B332927BBCD0006F166 /* BadgeBackground.swift */; };
		281A7B372927BD940006F166 /* Badge.swift in Sources */ = {isa = PBXBuildFile; fileRef = 281A7B362927BD940006F166 /* Badge.swift */; };
		281A7B392927BDC50006F166 /* RotatedBadgeSymbol.swift in Sources */ = {isa = PBXBuildFile; fileRef = 281A7B382927BDC50006F166 /* RotatedBadgeSymbol.swift */; };
		281A7B3B2927BDE30006F166 /* BadgeSymbol.swift in Sources */ = {isa = PBXBuildFile; fileRef = 281A7B3A2927BDE30006F166 /* BadgeSymbol.swift */; };
		282FE5352922D099003BAB01 /* CostAccountingApp.swift in Sources */ = {isa = PBXBuildFile; fileRef = 282FE5342922D099003BAB01 /* CostAccountingApp.swift */; };
		282FE5372922D099003BAB01 /* AboutView.swift in Sources */ = {isa = PBXBuildFile; fileRef = 282FE5362922D099003BAB01 /* AboutView.swift */; };
		282FE5392922D09A003BAB01 /* Assets.xcassets in Resources */ = {isa = PBXBuildFile; fileRef = 282FE5382922D09A003BAB01 /* Assets.xcassets */; };
		282FE53C2922D09A003BAB01 /* Preview Assets.xcassets in Resources */ = {isa = PBXBuildFile; fileRef = 282FE53B2922D09A003BAB01 /* Preview Assets.xcassets */; };
		282FE5462922D09B003BAB01 /* CostAccountingTests.swift in Sources */ = {isa = PBXBuildFile; fileRef = 282FE5452922D09B003BAB01 /* CostAccountingTests.swift */; };
		282FE5502922D09B003BAB01 /* CostAccountingUITests.swift in Sources */ = {isa = PBXBuildFile; fileRef = 282FE54F2922D09B003BAB01 /* CostAccountingUITests.swift */; };
		282FE5522922D09B003BAB01 /* CostAccountingUITestsLaunchTests.swift in Sources */ = {isa = PBXBuildFile; fileRef = 282FE5512922D09B003BAB01 /* CostAccountingUITestsLaunchTests.swift */; };
		282FE55F2922E42F003BAB01 /* ApplicationImage.swift in Sources */ = {isa = PBXBuildFile; fileRef = 282FE55E2922E42F003BAB01 /* ApplicationImage.swift */; };
		284CD1B0292D3FD7009E4C7E /* PurchaseRequest.swift in Sources */ = {isa = PBXBuildFile; fileRef = 284CD1AF292D3FD7009E4C7E /* PurchaseRequest.swift */; };
		284CD1B2292D41EE009E4C7E /* Category.swift in Sources */ = {isa = PBXBuildFile; fileRef = 284CD1B1292D41EE009E4C7E /* Category.swift */; };
		284CD1B6292D6CF5009E4C7E /* LoginPage.swift in Sources */ = {isa = PBXBuildFile; fileRef = 284CD1B5292D6CF5009E4C7E /* LoginPage.swift */; };
		2877A0F1292AA5C8001413CC /* AddPurchasePage.swift in Sources */ = {isa = PBXBuildFile; fileRef = 2877A0F0292AA5C8001413CC /* AddPurchasePage.swift */; };
		2877A0F4292AA627001413CC /* Purchase.swift in Sources */ = {isa = PBXBuildFile; fileRef = 2877A0F3292AA627001413CC /* Purchase.swift */; };
		2877A0F6292AABDD001413CC /* Currency.swift in Sources */ = {isa = PBXBuildFile; fileRef = 2877A0F5292AABDD001413CC /* Currency.swift */; };
		2877A0F9292AB0FB001413CC /* PurchaseController.swift in Sources */ = {isa = PBXBuildFile; fileRef = 2877A0F8292AB0FB001413CC /* PurchaseController.swift */; };
		2888D0CF2923FD2200DC1FFE /* MapView.swift in Sources */ = {isa = PBXBuildFile; fileRef = 2888D0CE2923FD2200DC1FFE /* MapView.swift */; };
		2888D0D1292413C900DC1FFE /* landmarkData.json in Resources */ = {isa = PBXBuildFile; fileRef = 2888D0D0292413C900DC1FFE /* landmarkData.json */; };
		2888D0D529241A7000DC1FFE /* Landmark.swift in Sources */ = {isa = PBXBuildFile; fileRef = 2888D0D429241A7000DC1FFE /* Landmark.swift */; };
		2888D0ED29241B0200DC1FFE /* Media.xcassets in Resources */ = {isa = PBXBuildFile; fileRef = 2888D0EC29241B0200DC1FFE /* Media.xcassets */; };
		2888D0EF29241BBB00DC1FFE /* ModelData.swift in Sources */ = {isa = PBXBuildFile; fileRef = 2888D0EE29241BBB00DC1FFE /* ModelData.swift */; };
		2888D0F52924246600DC1FFE /* LandmarkRow.swift in Sources */ = {isa = PBXBuildFile; fileRef = 2888D0F42924246600DC1FFE /* LandmarkRow.swift */; };
		2888D0F72924283400DC1FFE /* LandmarkList.swift in Sources */ = {isa = PBXBuildFile; fileRef = 2888D0F62924283400DC1FFE /* LandmarkList.swift */; };
		2888D0F929242A8800DC1FFE /* LandmarkDetail.swift in Sources */ = {isa = PBXBuildFile; fileRef = 2888D0F829242A8800DC1FFE /* LandmarkDetail.swift */; };
		2888D0FB29242ADD00DC1FFE /* LandmarkPage.swift in Sources */ = {isa = PBXBuildFile; fileRef = 2888D0FA29242ADD00DC1FFE /* LandmarkPage.swift */; };
		2888D0FD29242CB100DC1FFE /* CirleImage.swift in Sources */ = {isa = PBXBuildFile; fileRef = 2888D0FC29242CB100DC1FFE /* CirleImage.swift */; };
		2888D0FF29242D2500DC1FFE /* HeadingMapView.swift in Sources */ = {isa = PBXBuildFile; fileRef = 2888D0FE29242D2500DC1FFE /* HeadingMapView.swift */; };
/* End PBXBuildFile section */

/* Begin PBXContainerItemProxy section */
		282FE5422922D09B003BAB01 /* PBXContainerItemProxy */ = {
			isa = PBXContainerItemProxy;
			containerPortal = 282FE5292922D099003BAB01 /* Project object */;
			proxyType = 1;
			remoteGlobalIDString = 282FE5302922D099003BAB01;
			remoteInfo = CostAccounting;
		};
		282FE54C2922D09B003BAB01 /* PBXContainerItemProxy */ = {
			isa = PBXContainerItemProxy;
			containerPortal = 282FE5292922D099003BAB01 /* Project object */;
			proxyType = 1;
			remoteGlobalIDString = 282FE5302922D099003BAB01;
			remoteInfo = CostAccounting;
		};
/* End PBXContainerItemProxy section */

/* Begin PBXFileReference section */
		281A7B2C2927A9F00006F166 /* FavoriteButton.swift */ = {isa = PBXFileReference; lastKnownFileType = sourcecode.swift; path = FavoriteButton.swift; sourceTree = "<group>"; };
		281A7B302927BAEF0006F166 /* HexagonParameters.swift */ = {isa = PBXFileReference; lastKnownFileType = sourcecode.swift; path = HexagonParameters.swift; sourceTree = "<group>"; };
		281A7B332927BBCD0006F166 /* BadgeBackground.swift */ = {isa = PBXFileReference; lastKnownFileType = sourcecode.swift; path = BadgeBackground.swift; sourceTree = "<group>"; };
		281A7B362927BD940006F166 /* Badge.swift */ = {isa = PBXFileReference; lastKnownFileType = sourcecode.swift; path = Badge.swift; sourceTree = "<group>"; };
		281A7B382927BDC50006F166 /* RotatedBadgeSymbol.swift */ = {isa = PBXFileReference; lastKnownFileType = sourcecode.swift; path = RotatedBadgeSymbol.swift; sourceTree = "<group>"; };
		281A7B3A2927BDE30006F166 /* BadgeSymbol.swift */ = {isa = PBXFileReference; lastKnownFileType = sourcecode.swift; path = BadgeSymbol.swift; sourceTree = "<group>"; };
		282FE5312922D099003BAB01 /* CostAccounting.app */ = {isa = PBXFileReference; explicitFileType = wrapper.application; includeInIndex = 0; path = CostAccounting.app; sourceTree = BUILT_PRODUCTS_DIR; };
		282FE5342922D099003BAB01 /* CostAccountingApp.swift */ = {isa = PBXFileReference; lastKnownFileType = sourcecode.swift; path = CostAccountingApp.swift; sourceTree = "<group>"; };
		282FE5362922D099003BAB01 /* AboutView.swift */ = {isa = PBXFileReference; lastKnownFileType = sourcecode.swift; path = AboutView.swift; sourceTree = "<group>"; };
		282FE5382922D09A003BAB01 /* Assets.xcassets */ = {isa = PBXFileReference; lastKnownFileType = folder.assetcatalog; path = Assets.xcassets; sourceTree = "<group>"; };
		282FE53B2922D09A003BAB01 /* Preview Assets.xcassets */ = {isa = PBXFileReference; lastKnownFileType = folder.assetcatalog; path = "Preview Assets.xcassets"; sourceTree = "<group>"; };
		282FE5412922D09B003BAB01 /* CostAccountingTests.xctest */ = {isa = PBXFileReference; explicitFileType = wrapper.cfbundle; includeInIndex = 0; path = CostAccountingTests.xctest; sourceTree = BUILT_PRODUCTS_DIR; };
		282FE5452922D09B003BAB01 /* CostAccountingTests.swift */ = {isa = PBXFileReference; lastKnownFileType = sourcecode.swift; path = CostAccountingTests.swift; sourceTree = "<group>"; };
		282FE54B2922D09B003BAB01 /* CostAccountingUITests.xctest */ = {isa = PBXFileReference; explicitFileType = wrapper.cfbundle; includeInIndex = 0; path = CostAccountingUITests.xctest; sourceTree = BUILT_PRODUCTS_DIR; };
		282FE54F2922D09B003BAB01 /* CostAccountingUITests.swift */ = {isa = PBXFileReference; lastKnownFileType = sourcecode.swift; path = CostAccountingUITests.swift; sourceTree = "<group>"; };
		282FE5512922D09B003BAB01 /* CostAccountingUITestsLaunchTests.swift */ = {isa = PBXFileReference; lastKnownFileType = sourcecode.swift; path = CostAccountingUITestsLaunchTests.swift; sourceTree = "<group>"; };
		282FE55E2922E42F003BAB01 /* ApplicationImage.swift */ = {isa = PBXFileReference; lastKnownFileType = sourcecode.swift; path = ApplicationImage.swift; sourceTree = "<group>"; };
		284CD1AF292D3FD7009E4C7E /* PurchaseRequest.swift */ = {isa = PBXFileReference; lastKnownFileType = sourcecode.swift; path = PurchaseRequest.swift; sourceTree = "<group>"; };
		284CD1B1292D41EE009E4C7E /* Category.swift */ = {isa = PBXFileReference; lastKnownFileType = sourcecode.swift; path = Category.swift; sourceTree = "<group>"; };
		284CD1B5292D6CF5009E4C7E /* LoginPage.swift */ = {isa = PBXFileReference; lastKnownFileType = sourcecode.swift; path = LoginPage.swift; sourceTree = "<group>"; };
		2877A0F0292AA5C8001413CC /* AddPurchasePage.swift */ = {isa = PBXFileReference; lastKnownFileType = sourcecode.swift; path = AddPurchasePage.swift; sourceTree = "<group>"; };
		2877A0F3292AA627001413CC /* Purchase.swift */ = {isa = PBXFileReference; lastKnownFileType = sourcecode.swift; path = Purchase.swift; sourceTree = "<group>"; };
		2877A0F5292AABDD001413CC /* Currency.swift */ = {isa = PBXFileReference; lastKnownFileType = sourcecode.swift; path = Currency.swift; sourceTree = "<group>"; };
		2877A0F8292AB0FB001413CC /* PurchaseController.swift */ = {isa = PBXFileReference; lastKnownFileType = sourcecode.swift; path = PurchaseController.swift; sourceTree = "<group>"; };
		2888D0CE2923FD2200DC1FFE /* MapView.swift */ = {isa = PBXFileReference; lastKnownFileType = sourcecode.swift; path = MapView.swift; sourceTree = "<group>"; };
		2888D0D0292413C900DC1FFE /* landmarkData.json */ = {isa = PBXFileReference; fileEncoding = 4; lastKnownFileType = text.json; path = landmarkData.json; sourceTree = "<group>"; };
		2888D0D429241A7000DC1FFE /* Landmark.swift */ = {isa = PBXFileReference; lastKnownFileType = sourcecode.swift; path = Landmark.swift; sourceTree = "<group>"; };
		2888D0EC29241B0200DC1FFE /* Media.xcassets */ = {isa = PBXFileReference; lastKnownFileType = folder.assetcatalog; path = Media.xcassets; sourceTree = "<group>"; };
		2888D0EE29241BBB00DC1FFE /* ModelData.swift */ = {isa = PBXFileReference; lastKnownFileType = sourcecode.swift; path = ModelData.swift; sourceTree = "<group>"; };
		2888D0F42924246600DC1FFE /* LandmarkRow.swift */ = {isa = PBXFileReference; lastKnownFileType = sourcecode.swift; path = LandmarkRow.swift; sourceTree = "<group>"; };
		2888D0F62924283400DC1FFE /* LandmarkList.swift */ = {isa = PBXFileReference; lastKnownFileType = sourcecode.swift; path = LandmarkList.swift; sourceTree = "<group>"; };
		2888D0F829242A8800DC1FFE /* LandmarkDetail.swift */ = {isa = PBXFileReference; lastKnownFileType = sourcecode.swift; path = LandmarkDetail.swift; sourceTree = "<group>"; };
		2888D0FA29242ADD00DC1FFE /* LandmarkPage.swift */ = {isa = PBXFileReference; lastKnownFileType = sourcecode.swift; path = LandmarkPage.swift; sourceTree = "<group>"; };
		2888D0FC29242CB100DC1FFE /* CirleImage.swift */ = {isa = PBXFileReference; lastKnownFileType = sourcecode.swift; path = CirleImage.swift; sourceTree = "<group>"; };
		2888D0FE29242D2500DC1FFE /* HeadingMapView.swift */ = {isa = PBXFileReference; lastKnownFileType = sourcecode.swift; path = HeadingMapView.swift; sourceTree = "<group>"; };
/* End PBXFileReference section */

/* Begin PBXFrameworksBuildPhase section */
		282FE52E2922D099003BAB01 /* Frameworks */ = {
			isa = PBXFrameworksBuildPhase;
			buildActionMask = 2147483647;
			files = (
			);
			runOnlyForDeploymentPostprocessing = 0;
		};
		282FE53E2922D09B003BAB01 /* Frameworks */ = {
			isa = PBXFrameworksBuildPhase;
			buildActionMask = 2147483647;
			files = (
			);
			runOnlyForDeploymentPostprocessing = 0;
		};
		282FE5482922D09B003BAB01 /* Frameworks */ = {
			isa = PBXFrameworksBuildPhase;
			buildActionMask = 2147483647;
			files = (
			);
			runOnlyForDeploymentPostprocessing = 0;
		};
/* End PBXFrameworksBuildPhase section */

/* Begin PBXGroup section */
		281A7B2E2927AA4B0006F166 /* Helpers */ = {
			isa = PBXGroup;
			children = (
				2888D0FC29242CB100DC1FFE /* CirleImage.swift */,
				2888D0FE29242D2500DC1FFE /* HeadingMapView.swift */,
				281A7B2C2927A9F00006F166 /* FavoriteButton.swift */,
			);
			path = Helpers;
			sourceTree = "<group>";
		};
		281A7B2F2927AA550006F166 /* Landmark */ = {
			isa = PBXGroup;
			children = (
				2888D0F42924246600DC1FFE /* LandmarkRow.swift */,
				2888D0F62924283400DC1FFE /* LandmarkList.swift */,
				2888D0F829242A8800DC1FFE /* LandmarkDetail.swift */,
				2888D0FA29242ADD00DC1FFE /* LandmarkPage.swift */,
			);
			path = Landmark;
			sourceTree = "<group>";
		};
		281A7B352927BD740006F166 /* Badges */ = {
			isa = PBXGroup;
			children = (
				281A7B302927BAEF0006F166 /* HexagonParameters.swift */,
				281A7B332927BBCD0006F166 /* BadgeBackground.swift */,
				281A7B362927BD940006F166 /* Badge.swift */,
				281A7B382927BDC50006F166 /* RotatedBadgeSymbol.swift */,
				281A7B3A2927BDE30006F166 /* BadgeSymbol.swift */,
			);
			path = Badges;
			sourceTree = "<group>";
		};
		282FE5282922D099003BAB01 = {
			isa = PBXGroup;
			children = (
				282FE5332922D099003BAB01 /* CostAccounting */,
				282FE5442922D09B003BAB01 /* CostAccountingTests */,
				282FE54E2922D09B003BAB01 /* CostAccountingUITests */,
				282FE5322922D099003BAB01 /* Products */,
			);
			sourceTree = "<group>";
		};
		282FE5322922D099003BAB01 /* Products */ = {
			isa = PBXGroup;
			children = (
				282FE5312922D099003BAB01 /* CostAccounting.app */,
				282FE5412922D09B003BAB01 /* CostAccountingTests.xctest */,
				282FE54B2922D09B003BAB01 /* CostAccountingUITests.xctest */,
			);
			name = Products;
			sourceTree = "<group>";
		};
		282FE5332922D099003BAB01 /* CostAccounting */ = {
			isa = PBXGroup;
			children = (
				284CD1B3292D6CD8009E4C7E /* Auth */,
				2877A0ED292AA58B001413CC /* Purchase */,
				2888D0D329241A2900DC1FFE /* Landmarks */,
				2888D0D2292413FE00DC1FFE /* About */,
				282FE5342922D099003BAB01 /* CostAccountingApp.swift */,
				282FE53A2922D09A003BAB01 /* Preview Content */,
			);
			path = CostAccounting;
			sourceTree = "<group>";
		};
		282FE53A2922D09A003BAB01 /* Preview Content */ = {
			isa = PBXGroup;
			children = (
				282FE53B2922D09A003BAB01 /* Preview Assets.xcassets */,
			);
			path = "Preview Content";
			sourceTree = "<group>";
		};
		282FE5442922D09B003BAB01 /* CostAccountingTests */ = {
			isa = PBXGroup;
			children = (
				282FE5452922D09B003BAB01 /* CostAccountingTests.swift */,
			);
			path = CostAccountingTests;
			sourceTree = "<group>";
		};
		282FE54E2922D09B003BAB01 /* CostAccountingUITests */ = {
			isa = PBXGroup;
			children = (
				282FE54F2922D09B003BAB01 /* CostAccountingUITests.swift */,
				282FE5512922D09B003BAB01 /* CostAccountingUITestsLaunchTests.swift */,
			);
			path = CostAccountingUITests;
			sourceTree = "<group>";
		};
		284CD1AE292D3FC8009E4C7E /* Network */ = {
			isa = PBXGroup;
			children = (
				284CD1AF292D3FD7009E4C7E /* PurchaseRequest.swift */,
			);
			path = Network;
			sourceTree = "<group>";
		};
		284CD1B3292D6CD8009E4C7E /* Auth */ = {
			isa = PBXGroup;
			children = (
				284CD1B4292D6CE0009E4C7E /* View */,
			);
			path = Auth;
			sourceTree = "<group>";
		};
		284CD1B4292D6CE0009E4C7E /* View */ = {
			isa = PBXGroup;
			children = (
				284CD1B5292D6CF5009E4C7E /* LoginPage.swift */,
			);
			path = View;
			sourceTree = "<group>";
		};
		2877A0ED292AA58B001413CC /* Purchase */ = {
			isa = PBXGroup;
			children = (
				2877A0EE292AA59F001413CC /* Add */,
			);
			path = Purchase;
			sourceTree = "<group>";
		};
		2877A0EE292AA59F001413CC /* Add */ = {
			isa = PBXGroup;
			children = (
				2877A0F7292AB0EB001413CC /* Controller */,
				2877A0F2292AA61C001413CC /* Model */,
				2877A0EF292AA5B4001413CC /* View */,
			);
			path = Add;
			sourceTree = "<group>";
		};
		2877A0EF292AA5B4001413CC /* View */ = {
			isa = PBXGroup;
			children = (
				2877A0F0292AA5C8001413CC /* AddPurchasePage.swift */,
			);
			path = View;
			sourceTree = "<group>";
		};
		2877A0F2292AA61C001413CC /* Model */ = {
			isa = PBXGroup;
			children = (
				284CD1AE292D3FC8009E4C7E /* Network */,
				2877A0F3292AA627001413CC /* Purchase.swift */,
				2877A0F5292AABDD001413CC /* Currency.swift */,
				284CD1B1292D41EE009E4C7E /* Category.swift */,
			);
			path = Model;
			sourceTree = "<group>";
		};
		2877A0F7292AB0EB001413CC /* Controller */ = {
			isa = PBXGroup;
			children = (
				2877A0F8292AB0FB001413CC /* PurchaseController.swift */,
			);
			path = Controller;
			sourceTree = "<group>";
		};
		2888D0D2292413FE00DC1FFE /* About */ = {
			isa = PBXGroup;
			children = (
				282FE5382922D09A003BAB01 /* Assets.xcassets */,
				282FE55E2922E42F003BAB01 /* ApplicationImage.swift */,
				2888D0CE2923FD2200DC1FFE /* MapView.swift */,
				282FE5362922D099003BAB01 /* AboutView.swift */,
			);
			path = About;
			sourceTree = "<group>";
		};
		2888D0D329241A2900DC1FFE /* Landmarks */ = {
			isa = PBXGroup;
			children = (
				2888D0F32924245300DC1FFE /* View */,
				2888D0F22924241600DC1FFE /* Model */,
				2888D0F12924240A00DC1FFE /* Resources */,
			);
			path = Landmarks;
			sourceTree = "<group>";
		};
		2888D0F12924240A00DC1FFE /* Resources */ = {
			isa = PBXGroup;
			children = (
				2888D0EC29241B0200DC1FFE /* Media.xcassets */,
				2888D0D0292413C900DC1FFE /* landmarkData.json */,
			);
			path = Resources;
			sourceTree = "<group>";
		};
		2888D0F22924241600DC1FFE /* Model */ = {
			isa = PBXGroup;
			children = (
				2888D0D429241A7000DC1FFE /* Landmark.swift */,
				2888D0EE29241BBB00DC1FFE /* ModelData.swift */,
			);
			path = Model;
			sourceTree = "<group>";
		};
		2888D0F32924245300DC1FFE /* View */ = {
			isa = PBXGroup;
			children = (
				281A7B352927BD740006F166 /* Badges */,
				281A7B2F2927AA550006F166 /* Landmark */,
				281A7B2E2927AA4B0006F166 /* Helpers */,
			);
			path = View;
			sourceTree = "<group>";
		};
/* End PBXGroup section */

/* Begin PBXNativeTarget section */
		282FE5302922D099003BAB01 /* CostAccounting */ = {
			isa = PBXNativeTarget;
			buildConfigurationList = 282FE5552922D09B003BAB01 /* Build configuration list for PBXNativeTarget "CostAccounting" */;
			buildPhases = (
				282FE52D2922D099003BAB01 /* Sources */,
				282FE52E2922D099003BAB01 /* Frameworks */,
				282FE52F2922D099003BAB01 /* Resources */,
			);
			buildRules = (
			);
			dependencies = (
			);
			name = CostAccounting;
			productName = CostAccounting;
			productReference = 282FE5312922D099003BAB01 /* CostAccounting.app */;
			productType = "com.apple.product-type.application";
		};
		282FE5402922D09B003BAB01 /* CostAccountingTests */ = {
			isa = PBXNativeTarget;
			buildConfigurationList = 282FE5582922D09B003BAB01 /* Build configuration list for PBXNativeTarget "CostAccountingTests" */;
			buildPhases = (
				282FE53D2922D09B003BAB01 /* Sources */,
				282FE53E2922D09B003BAB01 /* Frameworks */,
				282FE53F2922D09B003BAB01 /* Resources */,
			);
			buildRules = (
			);
			dependencies = (
				282FE5432922D09B003BAB01 /* PBXTargetDependency */,
			);
			name = CostAccountingTests;
			productName = CostAccountingTests;
			productReference = 282FE5412922D09B003BAB01 /* CostAccountingTests.xctest */;
			productType = "com.apple.product-type.bundle.unit-test";
		};
		282FE54A2922D09B003BAB01 /* CostAccountingUITests */ = {
			isa = PBXNativeTarget;
			buildConfigurationList = 282FE55B2922D09B003BAB01 /* Build configuration list for PBXNativeTarget "CostAccountingUITests" */;
			buildPhases = (
				282FE5472922D09B003BAB01 /* Sources */,
				282FE5482922D09B003BAB01 /* Frameworks */,
				282FE5492922D09B003BAB01 /* Resources */,
			);
			buildRules = (
			);
			dependencies = (
				282FE54D2922D09B003BAB01 /* PBXTargetDependency */,
			);
			name = CostAccountingUITests;
			productName = CostAccountingUITests;
			productReference = 282FE54B2922D09B003BAB01 /* CostAccountingUITests.xctest */;
			productType = "com.apple.product-type.bundle.ui-testing";
		};
/* End PBXNativeTarget section */

/* Begin PBXProject section */
		282FE5292922D099003BAB01 /* Project object */ = {
			isa = PBXProject;
			attributes = {
				BuildIndependentTargetsInParallel = 1;
				LastSwiftUpdateCheck = 1410;
				LastUpgradeCheck = 1410;
				TargetAttributes = {
					282FE5302922D099003BAB01 = {
						CreatedOnToolsVersion = 14.1;
					};
					282FE5402922D09B003BAB01 = {
						CreatedOnToolsVersion = 14.1;
						TestTargetID = 282FE5302922D099003BAB01;
					};
					282FE54A2922D09B003BAB01 = {
						CreatedOnToolsVersion = 14.1;
						TestTargetID = 282FE5302922D099003BAB01;
					};
				};
			};
			buildConfigurationList = 282FE52C2922D099003BAB01 /* Build configuration list for PBXProject "CostAccounting" */;
			compatibilityVersion = "Xcode 14.0";
			developmentRegion = en;
			hasScannedForEncodings = 0;
			knownRegions = (
				en,
				Base,
			);
			mainGroup = 282FE5282922D099003BAB01;
			productRefGroup = 282FE5322922D099003BAB01 /* Products */;
			projectDirPath = "";
			projectRoot = "";
			targets = (
				282FE5302922D099003BAB01 /* CostAccounting */,
				282FE5402922D09B003BAB01 /* CostAccountingTests */,
				282FE54A2922D09B003BAB01 /* CostAccountingUITests */,
			);
		};
/* End PBXProject section */

/* Begin PBXResourcesBuildPhase section */
		282FE52F2922D099003BAB01 /* Resources */ = {
			isa = PBXResourcesBuildPhase;
			buildActionMask = 2147483647;
			files = (
				282FE53C2922D09A003BAB01 /* Preview Assets.xcassets in Resources */,
				282FE5392922D09A003BAB01 /* Assets.xcassets in Resources */,
				2888D0ED29241B0200DC1FFE /* Media.xcassets in Resources */,
				2888D0D1292413C900DC1FFE /* landmarkData.json in Resources */,
			);
			runOnlyForDeploymentPostprocessing = 0;
		};
		282FE53F2922D09B003BAB01 /* Resources */ = {
			isa = PBXResourcesBuildPhase;
			buildActionMask = 2147483647;
			files = (
			);
			runOnlyForDeploymentPostprocessing = 0;
		};
		282FE5492922D09B003BAB01 /* Resources */ = {
			isa = PBXResourcesBuildPhase;
			buildActionMask = 2147483647;
			files = (
			);
			runOnlyForDeploymentPostprocessing = 0;
		};
/* End PBXResourcesBuildPhase section */

/* Begin PBXSourcesBuildPhase section */
		282FE52D2922D099003BAB01 /* Sources */ = {
			isa = PBXSourcesBuildPhase;
			buildActionMask = 2147483647;
			files = (
				281A7B312927BAEF0006F166 /* HexagonParameters.swift in Sources */,
				282FE55F2922E42F003BAB01 /* ApplicationImage.swift in Sources */,
				2888D0FF29242D2500DC1FFE /* HeadingMapView.swift in Sources */,
				2888D0CF2923FD2200DC1FFE /* MapView.swift in Sources */,
				282FE5372922D099003BAB01 /* AboutView.swift in Sources */,
				281A7B392927BDC50006F166 /* RotatedBadgeSymbol.swift in Sources */,
				2877A0F9292AB0FB001413CC /* PurchaseController.swift in Sources */,
				284CD1B0292D3FD7009E4C7E /* PurchaseRequest.swift in Sources */,
				284CD1B6292D6CF5009E4C7E /* LoginPage.swift in Sources */,
				2888D0F72924283400DC1FFE /* LandmarkList.swift in Sources */,
				2888D0F929242A8800DC1FFE /* LandmarkDetail.swift in Sources */,
				2877A0F1292AA5C8001413CC /* AddPurchasePage.swift in Sources */,
				282FE5352922D099003BAB01 /* CostAccountingApp.swift in Sources */,
				2888D0FB29242ADD00DC1FFE /* LandmarkPage.swift in Sources */,
				281A7B372927BD940006F166 /* Badge.swift in Sources */,
				2877A0F6292AABDD001413CC /* Currency.swift in Sources */,
				281A7B3B2927BDE30006F166 /* BadgeSymbol.swift in Sources */,
				2888D0D529241A7000DC1FFE /* Landmark.swift in Sources */,
				2888D0F52924246600DC1FFE /* LandmarkRow.swift in Sources */,
				2888D0EF29241BBB00DC1FFE /* ModelData.swift in Sources */,
				2877A0F4292AA627001413CC /* Purchase.swift in Sources */,
				2888D0FD29242CB100DC1FFE /* CirleImage.swift in Sources */,
				281A7B342927BBCD0006F166 /* BadgeBackground.swift in Sources */,
				281A7B2D2927A9F00006F166 /* FavoriteButton.swift in Sources */,
				284CD1B2292D41EE009E4C7E /* Category.swift in Sources */,
			);
			runOnlyForDeploymentPostprocessing = 0;
		};
		282FE53D2922D09B003BAB01 /* Sources */ = {
			isa = PBXSourcesBuildPhase;
			buildActionMask = 2147483647;
			files = (
				282FE5462922D09B003BAB01 /* CostAccountingTests.swift in Sources */,
			);
			runOnlyForDeploymentPostprocessing = 0;
		};
		282FE5472922D09B003BAB01 /* Sources */ = {
			isa = PBXSourcesBuildPhase;
			buildActionMask = 2147483647;
			files = (
				282FE5522922D09B003BAB01 /* CostAccountingUITestsLaunchTests.swift in Sources */,
				282FE5502922D09B003BAB01 /* CostAccountingUITests.swift in Sources */,
			);
			runOnlyForDeploymentPostprocessing = 0;
		};
/* End PBXSourcesBuildPhase section */

/* Begin PBXTargetDependency section */
		282FE5432922D09B003BAB01 /* PBXTargetDependency */ = {
			isa = PBXTargetDependency;
			target = 282FE5302922D099003BAB01 /* CostAccounting */;
			targetProxy = 282FE5422922D09B003BAB01 /* PBXContainerItemProxy */;
		};
		282FE54D2922D09B003BAB01 /* PBXTargetDependency */ = {
			isa = PBXTargetDependency;
			target = 282FE5302922D099003BAB01 /* CostAccounting */;
			targetProxy = 282FE54C2922D09B003BAB01 /* PBXContainerItemProxy */;
		};
/* End PBXTargetDependency section */

/* Begin XCBuildConfiguration section */
		282FE5532922D09B003BAB01 /* Debug */ = {
			isa = XCBuildConfiguration;
			buildSettings = {
				ALWAYS_SEARCH_USER_PATHS = NO;
				CLANG_ANALYZER_NONNULL = YES;
				CLANG_ANALYZER_NUMBER_OBJECT_CONVERSION = YES_AGGRESSIVE;
				CLANG_CXX_LANGUAGE_STANDARD = "gnu++20";
				CLANG_ENABLE_MODULES = YES;
				CLANG_ENABLE_OBJC_ARC = YES;
				CLANG_ENABLE_OBJC_WEAK = YES;
				CLANG_WARN_BLOCK_CAPTURE_AUTORELEASING = YES;
				CLANG_WARN_BOOL_CONVERSION = YES;
				CLANG_WARN_COMMA = YES;
				CLANG_WARN_CONSTANT_CONVERSION = YES;
				CLANG_WARN_DEPRECATED_OBJC_IMPLEMENTATIONS = YES;
				CLANG_WARN_DIRECT_OBJC_ISA_USAGE = YES_ERROR;
				CLANG_WARN_DOCUMENTATION_COMMENTS = YES;
				CLANG_WARN_EMPTY_BODY = YES;
				CLANG_WARN_ENUM_CONVERSION = YES;
				CLANG_WARN_INFINITE_RECURSION = YES;
				CLANG_WARN_INT_CONVERSION = YES;
				CLANG_WARN_NON_LITERAL_NULL_CONVERSION = YES;
				CLANG_WARN_OBJC_IMPLICIT_RETAIN_SELF = YES;
				CLANG_WARN_OBJC_LITERAL_CONVERSION = YES;
				CLANG_WARN_OBJC_ROOT_CLASS = YES_ERROR;
				CLANG_WARN_QUOTED_INCLUDE_IN_FRAMEWORK_HEADER = YES;
				CLANG_WARN_RANGE_LOOP_ANALYSIS = YES;
				CLANG_WARN_STRICT_PROTOTYPES = YES;
				CLANG_WARN_SUSPICIOUS_MOVE = YES;
				CLANG_WARN_UNGUARDED_AVAILABILITY = YES_AGGRESSIVE;
				CLANG_WARN_UNREACHABLE_CODE = YES;
				CLANG_WARN__DUPLICATE_METHOD_MATCH = YES;
				COPY_PHASE_STRIP = NO;
				DEBUG_INFORMATION_FORMAT = dwarf;
				ENABLE_STRICT_OBJC_MSGSEND = YES;
				ENABLE_TESTABILITY = YES;
				GCC_C_LANGUAGE_STANDARD = gnu11;
				GCC_DYNAMIC_NO_PIC = NO;
				GCC_NO_COMMON_BLOCKS = YES;
				GCC_OPTIMIZATION_LEVEL = 0;
				GCC_PREPROCESSOR_DEFINITIONS = (
					"DEBUG=1",
					"$(inherited)",
				);
				GCC_WARN_64_TO_32_BIT_CONVERSION = YES;
				GCC_WARN_ABOUT_RETURN_TYPE = YES_ERROR;
				GCC_WARN_UNDECLARED_SELECTOR = YES;
				GCC_WARN_UNINITIALIZED_AUTOS = YES_AGGRESSIVE;
				GCC_WARN_UNUSED_FUNCTION = YES;
				GCC_WARN_UNUSED_VARIABLE = YES;
				IPHONEOS_DEPLOYMENT_TARGET = 16.1;
				MTL_ENABLE_DEBUG_INFO = INCLUDE_SOURCE;
				MTL_FAST_MATH = YES;
				ONLY_ACTIVE_ARCH = YES;
				SDKROOT = iphoneos;
				SWIFT_ACTIVE_COMPILATION_CONDITIONS = DEBUG;
				SWIFT_OPTIMIZATION_LEVEL = "-Onone";
			};
			name = Debug;
		};
		282FE5542922D09B003BAB01 /* Release */ = {
			isa = XCBuildConfiguration;
			buildSettings = {
				ALWAYS_SEARCH_USER_PATHS = NO;
				CLANG_ANALYZER_NONNULL = YES;
				CLANG_ANALYZER_NUMBER_OBJECT_CONVERSION = YES_AGGRESSIVE;
				CLANG_CXX_LANGUAGE_STANDARD = "gnu++20";
				CLANG_ENABLE_MODULES = YES;
				CLANG_ENABLE_OBJC_ARC = YES;
				CLANG_ENABLE_OBJC_WEAK = YES;
				CLANG_WARN_BLOCK_CAPTURE_AUTORELEASING = YES;
				CLANG_WARN_BOOL_CONVERSION = YES;
				CLANG_WARN_COMMA = YES;
				CLANG_WARN_CONSTANT_CONVERSION = YES;
				CLANG_WARN_DEPRECATED_OBJC_IMPLEMENTATIONS = YES;
				CLANG_WARN_DIRECT_OBJC_ISA_USAGE = YES_ERROR;
				CLANG_WARN_DOCUMENTATION_COMMENTS = YES;
				CLANG_WARN_EMPTY_BODY = YES;
				CLANG_WARN_ENUM_CONVERSION = YES;
				CLANG_WARN_INFINITE_RECURSION = YES;
				CLANG_WARN_INT_CONVERSION = YES;
				CLANG_WARN_NON_LITERAL_NULL_CONVERSION = YES;
				CLANG_WARN_OBJC_IMPLICIT_RETAIN_SELF = YES;
				CLANG_WARN_OBJC_LITERAL_CONVERSION = YES;
				CLANG_WARN_OBJC_ROOT_CLASS = YES_ERROR;
				CLANG_WARN_QUOTED_INCLUDE_IN_FRAMEWORK_HEADER = YES;
				CLANG_WARN_RANGE_LOOP_ANALYSIS = YES;
				CLANG_WARN_STRICT_PROTOTYPES = YES;
				CLANG_WARN_SUSPICIOUS_MOVE = YES;
				CLANG_WARN_UNGUARDED_AVAILABILITY = YES_AGGRESSIVE;
				CLANG_WARN_UNREACHABLE_CODE = YES;
				CLANG_WARN__DUPLICATE_METHOD_MATCH = YES;
				COPY_PHASE_STRIP = NO;
				DEBUG_INFORMATION_FORMAT = "dwarf-with-dsym";
				ENABLE_NS_ASSERTIONS = NO;
				ENABLE_STRICT_OBJC_MSGSEND = YES;
				GCC_C_LANGUAGE_STANDARD = gnu11;
				GCC_NO_COMMON_BLOCKS = YES;
				GCC_WARN_64_TO_32_BIT_CONVERSION = YES;
				GCC_WARN_ABOUT_RETURN_TYPE = YES_ERROR;
				GCC_WARN_UNDECLARED_SELECTOR = YES;
				GCC_WARN_UNINITIALIZED_AUTOS = YES_AGGRESSIVE;
				GCC_WARN_UNUSED_FUNCTION = YES;
				GCC_WARN_UNUSED_VARIABLE = YES;
				IPHONEOS_DEPLOYMENT_TARGET = 16.1;
				MTL_ENABLE_DEBUG_INFO = NO;
				MTL_FAST_MATH = YES;
				SDKROOT = iphoneos;
				SWIFT_COMPILATION_MODE = wholemodule;
				SWIFT_OPTIMIZATION_LEVEL = "-O";
				VALIDATE_PRODUCT = YES;
			};
			name = Release;
		};
		282FE5562922D09B003BAB01 /* Debug */ = {
			isa = XCBuildConfiguration;
			buildSettings = {
				ASSETCATALOG_COMPILER_APPICON_NAME = AppIcon;
				ASSETCATALOG_COMPILER_GLOBAL_ACCENT_COLOR_NAME = AccentColor;
				CODE_SIGN_STYLE = Automatic;
				CURRENT_PROJECT_VERSION = 1;
				DEVELOPMENT_ASSET_PATHS = "\"CostAccounting/Preview Content\"";
				DEVELOPMENT_TEAM = V9Y3BMACPC;
				ENABLE_PREVIEWS = YES;
				GENERATE_INFOPLIST_FILE = YES;
				INFOPLIST_KEY_UIApplicationSceneManifest_Generation = YES;
				INFOPLIST_KEY_UIApplicationSupportsIndirectInputEvents = YES;
				INFOPLIST_KEY_UILaunchScreen_Generation = YES;
				INFOPLIST_KEY_UISupportedInterfaceOrientations_iPad = "UIInterfaceOrientationPortrait UIInterfaceOrientationPortraitUpsideDown UIInterfaceOrientationLandscapeLeft UIInterfaceOrientationLandscapeRight";
				INFOPLIST_KEY_UISupportedInterfaceOrientations_iPhone = "UIInterfaceOrientationPortrait UIInterfaceOrientationLandscapeLeft UIInterfaceOrientationLandscapeRight";
				LD_RUNPATH_SEARCH_PATHS = (
					"$(inherited)",
					"@executable_path/Frameworks",
				);
				MARKETING_VERSION = 1.0;
				PRODUCT_BUNDLE_IDENTIFIER = com.posadskiy.CostAccounting;
				PRODUCT_NAME = "$(TARGET_NAME)";
				SWIFT_EMIT_LOC_STRINGS = YES;
				SWIFT_VERSION = 5.0;
				TARGETED_DEVICE_FAMILY = "1,2";
			};
			name = Debug;
		};
		282FE5572922D09B003BAB01 /* Release */ = {
			isa = XCBuildConfiguration;
			buildSettings = {
				ASSETCATALOG_COMPILER_APPICON_NAME = AppIcon;
				ASSETCATALOG_COMPILER_GLOBAL_ACCENT_COLOR_NAME = AccentColor;
				CODE_SIGN_STYLE = Automatic;
				CURRENT_PROJECT_VERSION = 1;
				DEVELOPMENT_ASSET_PATHS = "\"CostAccounting/Preview Content\"";
				DEVELOPMENT_TEAM = V9Y3BMACPC;
				ENABLE_PREVIEWS = YES;
				GENERATE_INFOPLIST_FILE = YES;
				INFOPLIST_KEY_UIApplicationSceneManifest_Generation = YES;
				INFOPLIST_KEY_UIApplicationSupportsIndirectInputEvents = YES;
				INFOPLIST_KEY_UILaunchScreen_Generation = YES;
				INFOPLIST_KEY_UISupportedInterfaceOrientations_iPad = "UIInterfaceOrientationPortrait UIInterfaceOrientationPortraitUpsideDown UIInterfaceOrientationLandscapeLeft UIInterfaceOrientationLandscapeRight";
				INFOPLIST_KEY_UISupportedInterfaceOrientations_iPhone = "UIInterfaceOrientationPortrait UIInterfaceOrientationLandscapeLeft UIInterfaceOrientationLandscapeRight";
				LD_RUNPATH_SEARCH_PATHS = (
					"$(inherited)",
					"@executable_path/Frameworks",
				);
				MARKETING_VERSION = 1.0;
				PRODUCT_BUNDLE_IDENTIFIER = com.posadskiy.CostAccounting;
				PRODUCT_NAME = "$(TARGET_NAME)";
				SWIFT_EMIT_LOC_STRINGS = YES;
				SWIFT_VERSION = 5.0;
				TARGETED_DEVICE_FAMILY = "1,2";
			};
			name = Release;
		};
		282FE5592922D09B003BAB01 /* Debug */ = {
			isa = XCBuildConfiguration;
			buildSettings = {
				ALWAYS_EMBED_SWIFT_STANDARD_LIBRARIES = YES;
				BUNDLE_LOADER = "$(TEST_HOST)";
				CODE_SIGN_STYLE = Automatic;
				CURRENT_PROJECT_VERSION = 1;
				GENERATE_INFOPLIST_FILE = YES;
				IPHONEOS_DEPLOYMENT_TARGET = 16.1;
				MARKETING_VERSION = 1.0;
				PRODUCT_BUNDLE_IDENTIFIER = com.posadskiy.CostAccountingTests;
				PRODUCT_NAME = "$(TARGET_NAME)";
				SWIFT_EMIT_LOC_STRINGS = NO;
				SWIFT_VERSION = 5.0;
				TARGETED_DEVICE_FAMILY = "1,2";
				TEST_HOST = "$(BUILT_PRODUCTS_DIR)/CostAccounting.app/$(BUNDLE_EXECUTABLE_FOLDER_PATH)/CostAccounting";
			};
			name = Debug;
		};
		282FE55A2922D09B003BAB01 /* Release */ = {
			isa = XCBuildConfiguration;
			buildSettings = {
				ALWAYS_EMBED_SWIFT_STANDARD_LIBRARIES = YES;
				BUNDLE_LOADER = "$(TEST_HOST)";
				CODE_SIGN_STYLE = Automatic;
				CURRENT_PROJECT_VERSION = 1;
				GENERATE_INFOPLIST_FILE = YES;
				IPHONEOS_DEPLOYMENT_TARGET = 16.1;
				MARKETING_VERSION = 1.0;
				PRODUCT_BUNDLE_IDENTIFIER = com.posadskiy.CostAccountingTests;
				PRODUCT_NAME = "$(TARGET_NAME)";
				SWIFT_EMIT_LOC_STRINGS = NO;
				SWIFT_VERSION = 5.0;
				TARGETED_DEVICE_FAMILY = "1,2";
				TEST_HOST = "$(BUILT_PRODUCTS_DIR)/CostAccounting.app/$(BUNDLE_EXECUTABLE_FOLDER_PATH)/CostAccounting";
			};
			name = Release;
		};
		282FE55C2922D09B003BAB01 /* Debug */ = {
			isa = XCBuildConfiguration;
			buildSettings = {
				ALWAYS_EMBED_SWIFT_STANDARD_LIBRARIES = YES;
				CODE_SIGN_STYLE = Automatic;
				CURRENT_PROJECT_VERSION = 1;
				GENERATE_INFOPLIST_FILE = YES;
				MARKETING_VERSION = 1.0;
				PRODUCT_BUNDLE_IDENTIFIER = com.posadskiy.CostAccountingUITests;
				PRODUCT_NAME = "$(TARGET_NAME)";
				SWIFT_EMIT_LOC_STRINGS = NO;
				SWIFT_VERSION = 5.0;
				TARGETED_DEVICE_FAMILY = "1,2";
				TEST_TARGET_NAME = CostAccounting;
			};
			name = Debug;
		};
		282FE55D2922D09B003BAB01 /* Release */ = {
			isa = XCBuildConfiguration;
			buildSettings = {
				ALWAYS_EMBED_SWIFT_STANDARD_LIBRARIES = YES;
				CODE_SIGN_STYLE = Automatic;
				CURRENT_PROJECT_VERSION = 1;
				GENERATE_INFOPLIST_FILE = YES;
				MARKETING_VERSION = 1.0;
				PRODUCT_BUNDLE_IDENTIFIER = com.posadskiy.CostAccountingUITests;
				PRODUCT_NAME = "$(TARGET_NAME)";
				SWIFT_EMIT_LOC_STRINGS = NO;
				SWIFT_VERSION = 5.0;
				TARGETED_DEVICE_FAMILY = "1,2";
				TEST_TARGET_NAME = CostAccounting;
			};
			name = Release;
		};
/* End XCBuildConfiguration section */

/* Begin XCConfigurationList section */
		282FE52C2922D099003BAB01 /* Build configuration list for PBXProject "CostAccounting" */ = {
			isa = XCConfigurationList;
			buildConfigurations = (
				282FE5532922D09B003BAB01 /* Debug */,
				282FE5542922D09B003BAB01 /* Release */,
			);
			defaultConfigurationIsVisible = 0;
			defaultConfigurationName = Release;
		};
		282FE5552922D09B003BAB01 /* Build configuration list for PBXNativeTarget "CostAccounting" */ = {
			isa = XCConfigurationList;
			buildConfigurations = (
				282FE5562922D09B003BAB01 /* Debug */,
				282FE5572922D09B003BAB01 /* Release */,
			);
			defaultConfigurationIsVisible = 0;
			defaultConfigurationName = Release;
		};
		282FE5582922D09B003BAB01 /* Build configuration list for PBXNativeTarget "CostAccountingTests" */ = {
			isa = XCConfigurationList;
			buildConfigurations = (
				282FE5592922D09B003BAB01 /* Debug */,
				282FE55A2922D09B003BAB01 /* Release */,
			);
			defaultConfigurationIsVisible = 0;
			defaultConfigurationName = Release;
		};
		282FE55B2922D09B003BAB01 /* Build configuration list for PBXNativeTarget "CostAccountingUITests" */ = {
			isa = XCConfigurationList;
			buildConfigurations = (
				282FE55C2922D09B003BAB01 /* Debug */,
				282FE55D2922D09B003BAB01 /* Release */,
			);
			defaultConfigurationIsVisible = 0;
			defaultConfigurationName = Release;
		};
/* End XCConfigurationList section */
	};
	rootObject = 282FE5292922D099003BAB01 /* Project object */;
}
